
Microsoft Visual Studio Solution File, Format Version 12.00
# Visual Studio Version 17
VisualStudioVersion = 17.14.36429.23
MinimumVisualStudioVersion = 10.0.40219.1
Project("{FAE04EC0-301F-11D3-BF4B-00C04F79EFBC}") = "ComandoLs", "Tema4\ComandoLs.csproj", "{A3E17663-0631-40C4-A3CC-633E3161743F}"
EndProject
Project("{FAE04EC0-301F-11D3-BF4B-00C04F79EFBC}") = "ComandoCat", "ComandoCat\ComandoCat.csproj", "{02F96D82-FA6F-43E4-ABF2-246BC4FA176B}"
EndProject
Project("{FAE04EC0-301F-11D3-BF4B-00C04F79EFBC}") = "ComandoNewFile", "ComandoNewFile\ComandoNewFile.csproj", "{30B4ED02-EC71-46AA-B61B-264A0E558BB1}"
EndProject
Global
	GlobalSection(SolutionConfigurationPlatforms) = preSolution
		Debug|Any CPU = Debug|Any CPU
		Release|Any CPU = Release|Any CPU
	EndGlobalSection
	GlobalSection(ProjectConfigurationPlatforms) = postSolution
		{A3E17663-0631-40C4-A3CC-633E3161743F}.Debug|Any CPU.ActiveCfg = Debug|Any CPU
		{A3E17663-0631-40C4-A3CC-633E3161743F}.Debug|Any CPU.Build.0 = Debug|Any CPU
		{A3E17663-0631-40C4-A3CC-633E3161743F}.Release|Any CPU.ActiveCfg = Release|Any CPU
		{A3E17663-0631-40C4-A3CC-633E3161743F}.Release|Any CPU.Build.0 = Release|Any CPU
		{02F96D82-FA6F-43E4-ABF2-246BC4FA176B}.Debug|Any CPU.ActiveCfg = Debug|Any CPU
		{02F96D82-FA6F-43E4-ABF2-246BC4FA176B}.Debug|Any CPU.Build.0 = Debug|Any CPU
		{02F96D82-FA6F-43E4-ABF2-246BC4FA176B}.Release|Any CPU.ActiveCfg = Release|Any CPU
		{02F96D82-FA6F-43E4-ABF2-246BC4FA176B}.Release|Any CPU.Build.0 = Release|Any CPU
		{30B4ED02-EC71-46AA-B61B-264A0E558BB1}.Debug|Any CPU.ActiveCfg = Debug|Any CPU
		{30B4ED02-EC71-46AA-B61B-264A0E558BB1}.Debug|Any CPU.Build.0 = Debug|Any CPU
		{30B4ED02-EC71-46AA-B61B-264A0E558BB1}.Release|Any CPU.ActiveCfg = Release|Any CPU
		{30B4ED02-EC71-46AA-B61B-264A0E558BB1}.Release|Any CPU.Build.0 = Release|Any CPU
	EndGlobalSection
	GlobalSection(SolutionProperties) = preSolution
		HideSolutionNode = FALSE
	EndGlobalSection
	GlobalSection(ExtensibilityGlobals) = postSolution
		SolutionGuid = {52B276D4-15C3-4C1C-8393-F0A71F956419}
	EndGlobalSection
EndGlobal
